
Microsoft Visual Studio Solution File, Format Version 12.00
# Visual Studio Version 17
VisualStudioVersion = 17.6.33815.320
MinimumVisualStudioVersion = 10.0.40219.1
Project("{9A19103F-16F7-4668-BE54-9A1E7A4F7556}") = "Tour_Package", "Travel_agents\Tour_Package.csproj", "{6CEA774A-1AF3-4A7C-A435-620DD750522C}"
EndProject
Project("{9A19103F-16F7-4668-BE54-9A1E7A4F7556}") = "Travellers", "Traveller\Travellers.csproj", "{55B79618-B1C2-413F-A261-A770C85F2268}"
EndProject
Project("{9A19103F-16F7-4668-BE54-9A1E7A4F7556}") = "Booking_Management", "Payments\Booking_Management.csproj", "{87F6B033-5B7D-4573-BB99-ECF38CD1D0A7}"
EndProject
Project("{FAE04EC0-301F-11D3-BF4B-00C04F79EFBC}") = "Tour_Admin", "Tour_Admin\Tour_Admin.csproj", "{AA67661A-2C71-4E88-93BF-0A2C3D6041D2}"
EndProject
Global
	GlobalSection(SolutionConfigurationPlatforms) = preSolution
		Debug|Any CPU = Debug|Any CPU
		Release|Any CPU = Release|Any CPU
	EndGlobalSection
	GlobalSection(ProjectConfigurationPlatforms) = postSolution
		{6CEA774A-1AF3-4A7C-A435-620DD750522C}.Debug|Any CPU.ActiveCfg = Debug|Any CPU
		{6CEA774A-1AF3-4A7C-A435-620DD750522C}.Debug|Any CPU.Build.0 = Debug|Any CPU
		{6CEA774A-1AF3-4A7C-A435-620DD750522C}.Release|Any CPU.ActiveCfg = Release|Any CPU
		{6CEA774A-1AF3-4A7C-A435-620DD750522C}.Release|Any CPU.Build.0 = Release|Any CPU
		{55B79618-B1C2-413F-A261-A770C85F2268}.Debug|Any CPU.ActiveCfg = Debug|Any CPU
		{55B79618-B1C2-413F-A261-A770C85F2268}.Debug|Any CPU.Build.0 = Debug|Any CPU
		{55B79618-B1C2-413F-A261-A770C85F2268}.Release|Any CPU.ActiveCfg = Release|Any CPU
		{55B79618-B1C2-413F-A261-A770C85F2268}.Release|Any CPU.Build.0 = Release|Any CPU
		{87F6B033-5B7D-4573-BB99-ECF38CD1D0A7}.Debug|Any CPU.ActiveCfg = Debug|Any CPU
		{87F6B033-5B7D-4573-BB99-ECF38CD1D0A7}.Debug|Any CPU.Build.0 = Debug|Any CPU
		{87F6B033-5B7D-4573-BB99-ECF38CD1D0A7}.Release|Any CPU.ActiveCfg = Release|Any CPU
		{87F6B033-5B7D-4573-BB99-ECF38CD1D0A7}.Release|Any CPU.Build.0 = Release|Any CPU
		{AA67661A-2C71-4E88-93BF-0A2C3D6041D2}.Debug|Any CPU.ActiveCfg = Debug|Any CPU
		{AA67661A-2C71-4E88-93BF-0A2C3D6041D2}.Debug|Any CPU.Build.0 = Debug|Any CPU
		{AA67661A-2C71-4E88-93BF-0A2C3D6041D2}.Release|Any CPU.ActiveCfg = Release|Any CPU
		{AA67661A-2C71-4E88-93BF-0A2C3D6041D2}.Release|Any CPU.Build.0 = Release|Any CPU
	EndGlobalSection
	GlobalSection(SolutionProperties) = preSolution
		HideSolutionNode = FALSE
	EndGlobalSection
	GlobalSection(ExtensibilityGlobals) = postSolution
		SolutionGuid = {A0BD9AD8-012D-4A56-9B49-ECA7435A1071}
	EndGlobalSection
EndGlobal
